// !$*UTF8*$!
{
	archiveVersion = 1;
	classes = {
	};
	objectVersion = 46;
	objects = {

/* Begin PBXBuildFile section */
		CCB13CE11CCCB63F0049A1A1 /* AppDelegate.swift in Sources */ = {isa = PBXBuildFile; fileRef = CCB13CE01CCCB63F0049A1A1 /* AppDelegate.swift */; };
		CCB13CE31CCCB63F0049A1A1 /* ViewController.swift in Sources */ = {isa = PBXBuildFile; fileRef = CCB13CE21CCCB63F0049A1A1 /* ViewController.swift */; };
		CCB13CE61CCCB63F0049A1A1 /* Main.storyboard in Resources */ = {isa = PBXBuildFile; fileRef = CCB13CE41CCCB63F0049A1A1 /* Main.storyboard */; };
		CCB13CE81CCCB63F0049A1A1 /* Assets.xcassets in Resources */ = {isa = PBXBuildFile; fileRef = CCB13CE71CCCB63F0049A1A1 /* Assets.xcassets */; };
		CCB13CEB1CCCB63F0049A1A1 /* LaunchScreen.storyboard in Resources */ = {isa = PBXBuildFile; fileRef = CCB13CE91CCCB63F0049A1A1 /* LaunchScreen.storyboard */; };
/* End PBXBuildFile section */

/* Begin PBXFileReference section */
		CCB13CDD1CCCB63F0049A1A1 /* Instafilter.app */ = {isa = PBXFileReference; explicitFileType = wrapper.application; includeInIndex = 0; path = Instafilter.app; sourceTree = BUILT_PRODUCTS_DIR; };
		CCB13CE01CCCB63F0049A1A1 /* AppDelegate.swift */ = {isa = PBXFileReference; lastKnownFileType = sourcecode.swift; path = AppDelegate.swift; sourceTree = "<group>"; };
		CCB13CE21CCCB63F0049A1A1 /* ViewController.swift */ = {isa = PBXFileReference; lastKnownFileType = sourcecode.swift; path = ViewController.swift; sourceTree = "<group>"; };
		CCB13CE51CCCB63F0049A1A1 /* Base */ = {isa = PBXFileReference; lastKnownFileType = file.storyboard; name = Base; path = Base.lproj/Main.storyboard; sourceTree = "<group>"; };
		CCB13CE71CCCB63F0049A1A1 /* Assets.xcassets */ = {isa = PBXFileReference; lastKnownFileType = folder.assetcatalog; path = Assets.xcassets; sourceTree = "<group>"; };
		CCB13CEA1CCCB63F0049A1A1 /* Base */ = {isa = PBXFileReference; lastKnownFileType = file.storyboard; name = Base; path = Base.lproj/LaunchScreen.storyboard; sourceTree = "<group>"; };
		CCB13CEC1CCCB63F0049A1A1 /* Info.plist */ = {isa = PBXFileReference; lastKnownFileType = text.plist.xml; path = Info.plist; sourceTree = "<group>"; };
/* End PBXFileReference section */

/* Begin PBXFrameworksBuildPhase section */
		CCB13CDA1CCCB63F0049A1A1 /* Frameworks */ = {
			isa = PBXFrameworksBuildPhase;
			buildActionMask = 2147483647;
			files = (
			);
			runOnlyForDeploymentPostprocessing = 0;
		};
/* End PBXFrameworksBuildPhase section */

/* Begin PBXGroup section */
		CCB13CD41CCCB63F0049A1A1 = {
			isa = PBXGroup;
			children = (
				CCB13CDF1CCCB63F0049A1A1 /* Instafilter */,
				CCB13CDE1CCCB63F0049A1A1 /* Products */,
			);
			sourceTree = "<group>";
		};
		CCB13CDE1CCCB63F0049A1A1 /* Products */ = {
			isa = PBXGroup;
			children = (
				CCB13CDD1CCCB63F0049A1A1 /* Instafilter.app */,
			);
			name = Products;
			sourceTree = "<group>";
		};
		CCB13CDF1CCCB63F0049A1A1 /* Instafilter */ = {
			isa = PBXGroup;
			children = (
				CCB13CE01CCCB63F0049A1A1 /* AppDelegate.swift */,
				CCB13CE21CCCB63F0049A1A1 /* ViewController.swift */,
				CCB13CE41CCCB63F0049A1A1 /* Main.storyboard */,
				CCB13CE71CCCB63F0049A1A1 /* Assets.xcassets */,
				CCB13CE91CCCB63F0049A1A1 /* LaunchScreen.storyboard */,
				CCB13CEC1CCCB63F0049A1A1 /* Info.plist */,
			);
			path = Instafilter;
			sourceTree = "<group>";
		};
/* End PBXGroup section */

/* Begin PBXNativeTarget section */
		CCB13CDC1CCCB63F0049A1A1 /* Instafilter */ = {
			isa = PBXNativeTarget;
			buildConfigurationList = CCB13CEF1CCCB63F0049A1A1 /* Build configuration list for PBXNativeTarget "Instafilter" */;
			buildPhases = (
				CCB13CD91CCCB63F0049A1A1 /* Sources */,
				CCB13CDA1CCCB63F0049A1A1 /* Frameworks */,
				CCB13CDB1CCCB63F0049A1A1 /* Resources */,
			);
			buildRules = (
			);
			dependencies = (
			);
			name = Instafilter;
			productName = Instafilter;
			productReference = CCB13CDD1CCCB63F0049A1A1 /* Instafilter.app */;
			productType = "com.apple.product-type.application";
		};
/* End PBXNativeTarget section */

/* Begin PBXProject section */
		CCB13CD51CCCB63F0049A1A1 /* Project object */ = {
			isa = PBXProject;
			attributes = {
				LastSwiftUpdateCheck = 0730;
				LastUpgradeCheck = 0730;
				ORGANIZATIONNAME = Ruter;
				TargetAttributes = {
					CCB13CDC1CCCB63F0049A1A1 = {
						CreatedOnToolsVersion = 7.3;
					};
				};
			};
			buildConfigurationList = CCB13CD81CCCB63F0049A1A1 /* Build configuration list for PBXProject "Instafilter" */;
			compatibilityVersion = "Xcode 3.2";
			developmentRegion = English;
			hasScannedForEncodings = 0;
			knownRegions = (
				en,
				Base,
			);
			mainGroup = CCB13CD41CCCB63F0049A1A1;
			productRefGroup = CCB13CDE1CCCB63F0049A1A1 /* Products */;
			projectDirPath = "";
			projectRoot = "";
			targets = (
				CCB13CDC1CCCB63F0049A1A1 /* Instafilter */,
			);
		};
/* End PBXProject section */

/* Begin PBXResourcesBuildPhase section */
		CCB13CDB1CCCB63F0049A1A1 /* Resources */ = {
			isa = PBXResourcesBuildPhase;
			buildActionMask = 2147483647;
			files = (
				CCB13CEB1CCCB63F0049A1A1 /* LaunchScreen.storyboard in Resources */,
				CCB13CE81CCCB63F0049A1A1 /* Assets.xcassets in Resources */,
				CCB13CE61CCCB63F0049A1A1 /* Main.storyboard in Resources */,
			);
			runOnlyForDeploymentPostprocessing = 0;
		};
/* End PBXResourcesBuildPhase section */

/* Begin PBXSourcesBuildPhase section */
		CCB13CD91CCCB63F0049A1A1 /* Sources */ = {
			isa = PBXSourcesBuildPhase;
			buildActionMask = 2147483647;
			files = (
				CCB13CE31CCCB63F0049A1A1 /* ViewController.swift in Sources */,
				CCB13CE11CCCB63F0049A1A1 /* AppDelegate.swift in Sources */,
			);
			runOnlyForDeploymentPostprocessing = 0;
		};
/* End PBXSourcesBuildPhase section */

/* Begin PBXVariantGroup section */
		CCB13CE41CCCB63F0049A1A1 /* Main.storyboard */ = {
			isa = PBXVariantGroup;
			children = (
				CCB13CE51CCCB63F0049A1A1 /* Base */,
			);
			name = Main.storyboard;
			sourceTree = "<group>";
		};
		CCB13CE91CCCB63F0049A1A1 /* LaunchScreen.storyboard */ = {
			isa = PBXVariantGroup;
			children = (
				CCB13CEA1CCCB63F0049A1A1 /* Base */,
			);
			name = LaunchScreen.storyboard;
			sourceTree = "<group>";
		};
/* End PBXVariantGroup section */

/* Begin XCBuildConfiguration section */
		CCB13CED1CCCB63F0049A1A1 /* Debug */ = {
			isa = XCBuildConfiguration;
			buildSettings = {
				ALWAYS_SEARCH_USER_PATHS = NO;
				CLANG_ANALYZER_NONNULL = YES;
				CLANG_CXX_LANGUAGE_STANDARD = "gnu++0x";
				CLANG_CXX_LIBRARY = "libc++";
				CLANG_ENABLE_MODULES = YES;
				CLANG_ENABLE_OBJC_ARC = YES;
				CLANG_WARN_BOOL_CONVERSION = YES;
				CLANG_WARN_CONSTANT_CONVERSION = YES;
				CLANG_WARN_DIRECT_OBJC_ISA_USAGE = YES_ERROR;
				CLANG_WARN_EMPTY_BODY = YES;
				CLANG_WARN_ENUM_CONVERSION = YES;
				CLANG_WARN_INT_CONVERSION = YES;
				CLANG_WARN_OBJC_ROOT_CLASS = YES_ERROR;
				CLANG_WARN_UNREACHABLE_CODE = YES;
				CLANG_WARN__DUPLICATE_METHOD_MATCH = YES;
				"CODE_SIGN_IDENTITY[sdk=iphoneos*]" = "iPhone Developer";
				COPY_PHASE_STRIP = NO;
				DEBUG_INFORMATION_FORMAT = dwarf;
				ENABLE_STRICT_OBJC_MSGSEND = YES;
				ENABLE_TESTABILITY = YES;
				GCC_C_LANGUAGE_STANDARD = gnu99;
				GCC_DYNAMIC_NO_PIC = NO;
				GCC_NO_COMMON_BLOCKS = YES;
				GCC_OPTIMIZATION_LEVEL = 0;
				GCC_PREPROCESSOR_DEFINITIONS = (
					"DEBUG=1",
					"$(inherited)",
				);
				GCC_WARN_64_TO_32_BIT_CONVERSION = YES;
				GCC_WARN_ABOUT_RETURN_TYPE = YES_ERROR;
				GCC_WARN_UNDECLARED_SELECTOR = YES;
				GCC_WARN_UNINITIALIZED_AUTOS = YES_AGGRESSIVE;
				GCC_WARN_UNUSED_FUNCTION = YES;
				GCC_WARN_UNUSED_VARIABLE = YES;
				IPHONEOS_DEPLOYMENT_TARGET = 9.3;
				MTL_ENABLE_DEBUG_INFO = YES;
				ONLY_ACTIVE_ARCH = YES;
				SDKROOT = iphoneos;
				SWIFT_OPTIMIZATION_LEVEL = "-Onone";
			};
			name = Debug;
		};
		CCB13CEE1CCCB63F0049A1A1 /* Release */ = {
			isa = XCBuildConfiguration;
			buildSettings = {
				ALWAYS_SEARCH_USER_PATHS = NO;
				CLANG_ANALYZER_NONNULL = YES;
				CLANG_CXX_LANGUAGE_STANDARD = "gnu++0x";
				CLANG_CXX_LIBRARY = "libc++";
				CLANG_ENABLE_MODULES = YES;
				CLANG_ENABLE_OBJC_ARC = YES;
				CLANG_WARN_BOOL_CONVERSION = YES;
				CLANG_WARN_CONSTANT_CONVERSION = YES;
				CLANG_WARN_DIRECT_OBJC_ISA_USAGE = YES_ERROR;
				CLANG_WARN_EMPTY_BODY = YES;
				CLANG_WARN_ENUM_CONVERSION = YES;
				CLANG_WARN_INT_CONVERSION = YES;
				CLANG_WARN_OBJC_ROOT_CLASS = YES_ERROR;
				CLANG_WARN_UNREACHABLE_CODE = YES;
				CLANG_WARN__DUPLICATE_METHOD_MATCH = YES;
				"CODE_SIGN_IDENTITY[sdk=iphoneos*]" = "iPhone Developer";
				COPY_PHASE_STRIP = NO;
				DEBUG_INFORMATION_FORMAT = "dwarf-with-dsym";
				ENABLE_NS_ASSERTIONS = NO;
				ENABLE_STRICT_OBJC_MSGSEND = YES;
				GCC_C_LANGUAGE_STANDARD = gnu99;
				GCC_NO_COMMON_BLOCKS = YES;
				GCC_WARN_64_TO_32_BIT_CONVERSION = YES;
				GCC_WARN_ABOUT_RETURN_TYPE = YES_ERROR;
				GCC_WARN_UNDECLARED_SELECTOR = YES;
				GCC_WARN_UNINITIALIZED_AUTOS = YES_AGGRESSIVE;
				GCC_WARN_UNUSED_FUNCTION = YES;
				GCC_WARN_UNUSED_VARIABLE = YES;
				IPHONEOS_DEPLOYMENT_TARGET = 9.3;
				MTL_ENABLE_DEBUG_INFO = NO;
				SDKROOT = iphoneos;
				VALIDATE_PRODUCT = YES;
			};
			name = Release;
		};
		CCB13CF01CCCB63F0049A1A1 /* Debug */ = {
			isa = XCBuildConfiguration;
			buildSettings = {
				ASSETCATALOG_COMPILER_APPICON_NAME = AppIcon;
				CODE_SIGN_IDENTITY = "iPhone Developer";
				"CODE_SIGN_IDENTITY[sdk=iphoneos*]" = "iPhone Developer";
				INFOPLIST_FILE = Instafilter/Info.plist;
				LD_RUNPATH_SEARCH_PATHS = "$(inherited) @executable_path/Frameworks";
				PRODUCT_BUNDLE_IDENTIFIER = io.github.ruter.Instafilter;
				PRODUCT_NAME = "$(TARGET_NAME)";
				PROVISIONING_PROFILE = "";
			};
			name = Debug;
		};
		CCB13CF11CCCB63F0049A1A1 /* Release */ = {
			isa = XCBuildConfiguration;
			buildSettings = {
				ASSETCATALOG_COMPILER_APPICON_NAME = AppIcon;
				CODE_SIGN_IDENTITY = "iPhone Developer";
				"CODE_SIGN_IDENTITY[sdk=iphoneos*]" = "iPhone Developer";
				INFOPLIST_FILE = Instafilter/Info.plist;
				LD_RUNPATH_SEARCH_PATHS = "$(inherited) @executable_path/Frameworks";
				PRODUCT_BUNDLE_IDENTIFIER = io.github.ruter.Instafilter;
				PRODUCT_NAME = "$(TARGET_NAME)";
				PROVISIONING_PROFILE = "";
			};
			name = Release;
		};
/* End XCBuildConfiguration section */

/* Begin XCConfigurationList section */
		CCB13CD81CCCB63F0049A1A1 /* Build configuration list for PBXProject "Instafilter" */ = {
			isa = XCConfigurationList;
			buildConfigurations = (
				CCB13CED1CCCB63F0049A1A1 /* Debug */,
				CCB13CEE1CCCB63F0049A1A1 /* Release */,
			);
			defaultConfigurationIsVisible = 0;
			defaultConfigurationName = Release;
		};
		CCB13CEF1CCCB63F0049A1A1 /* Build configuration list for PBXNativeTarget "Instafilter" */ = {
			isa = XCConfigurationList;
			buildConfigurations = (
				CCB13CF01CCCB63F0049A1A1 /* Debug */,
				CCB13CF11CCCB63F0049A1A1 /* Release */,
			);
			defaultConfigurationIsVisible = 0;
		};
/* End XCConfigurationList section */
	};
	rootObject = CCB13CD51CCCB63F0049A1A1 /* Project object */;
}
