// !$*UTF8*$!
{
	archiveVersion = 1;
	classes = {
	};
	objectVersion = 46;
	objects = {

/* Begin PBXBuildFile section */
		CC5AF37E1CC09ACD00DE6DD9 /* AppDelegate.swift in Sources */ = {isa = PBXBuildFile; fileRef = CC5AF37D1CC09ACD00DE6DD9 /* AppDelegate.swift */; };
		CC5AF3801CC09ACD00DE6DD9 /* MasterViewController.swift in Sources */ = {isa = PBXBuildFile; fileRef = CC5AF37F1CC09ACD00DE6DD9 /* MasterViewController.swift */; };
		CC5AF3851CC09ACD00DE6DD9 /* Main.storyboard in Resources */ = {isa = PBXBuildFile; fileRef = CC5AF3831CC09ACD00DE6DD9 /* Main.storyboard */; };
		CC5AF3871CC09ACD00DE6DD9 /* Assets.xcassets in Resources */ = {isa = PBXBuildFile; fileRef = CC5AF3861CC09ACD00DE6DD9 /* Assets.xcassets */; };
		CC5AF38A1CC09ACD00DE6DD9 /* LaunchScreen.storyboard in Resources */ = {isa = PBXBuildFile; fileRef = CC5AF3881CC09ACD00DE6DD9 /* LaunchScreen.storyboard */; };
/* End PBXBuildFile section */

/* Begin PBXFileReference section */
		CC5AF37A1CC09ACD00DE6DD9 /* WordScramble.app */ = {isa = PBXFileReference; explicitFileType = wrapper.application; includeInIndex = 0; path = WordScramble.app; sourceTree = BUILT_PRODUCTS_DIR; };
		CC5AF37D1CC09ACD00DE6DD9 /* AppDelegate.swift */ = {isa = PBXFileReference; lastKnownFileType = sourcecode.swift; path = AppDelegate.swift; sourceTree = "<group>"; };
		CC5AF37F1CC09ACD00DE6DD9 /* MasterViewController.swift */ = {isa = PBXFileReference; lastKnownFileType = sourcecode.swift; path = MasterViewController.swift; sourceTree = "<group>"; };
		CC5AF3841CC09ACD00DE6DD9 /* Base */ = {isa = PBXFileReference; lastKnownFileType = file.storyboard; name = Base; path = Base.lproj/Main.storyboard; sourceTree = "<group>"; };
		CC5AF3861CC09ACD00DE6DD9 /* Assets.xcassets */ = {isa = PBXFileReference; lastKnownFileType = folder.assetcatalog; path = Assets.xcassets; sourceTree = "<group>"; };
		CC5AF3891CC09ACD00DE6DD9 /* Base */ = {isa = PBXFileReference; lastKnownFileType = file.storyboard; name = Base; path = Base.lproj/LaunchScreen.storyboard; sourceTree = "<group>"; };
		CC5AF38B1CC09ACD00DE6DD9 /* Info.plist */ = {isa = PBXFileReference; lastKnownFileType = text.plist.xml; path = Info.plist; sourceTree = "<group>"; };
/* End PBXFileReference section */

/* Begin PBXFrameworksBuildPhase section */
		CC5AF3771CC09ACD00DE6DD9 /* Frameworks */ = {
			isa = PBXFrameworksBuildPhase;
			buildActionMask = 2147483647;
			files = (
			);
			runOnlyForDeploymentPostprocessing = 0;
		};
/* End PBXFrameworksBuildPhase section */

/* Begin PBXGroup section */
		CC5AF3711CC09ACD00DE6DD9 = {
			isa = PBXGroup;
			children = (
				CC5AF37C1CC09ACD00DE6DD9 /* WordScramble */,
				CC5AF37B1CC09ACD00DE6DD9 /* Products */,
			);
			sourceTree = "<group>";
		};
		CC5AF37B1CC09ACD00DE6DD9 /* Products */ = {
			isa = PBXGroup;
			children = (
				CC5AF37A1CC09ACD00DE6DD9 /* WordScramble.app */,
			);
			name = Products;
			sourceTree = "<group>";
		};
		CC5AF37C1CC09ACD00DE6DD9 /* WordScramble */ = {
			isa = PBXGroup;
			children = (
				CC5AF37D1CC09ACD00DE6DD9 /* AppDelegate.swift */,
				CC5AF37F1CC09ACD00DE6DD9 /* MasterViewController.swift */,
				CC5AF3831CC09ACD00DE6DD9 /* Main.storyboard */,
				CC5AF3861CC09ACD00DE6DD9 /* Assets.xcassets */,
				CC5AF3881CC09ACD00DE6DD9 /* LaunchScreen.storyboard */,
				CC5AF38B1CC09ACD00DE6DD9 /* Info.plist */,
			);
			path = WordScramble;
			sourceTree = "<group>";
		};
/* End PBXGroup section */

/* Begin PBXNativeTarget section */
		CC5AF3791CC09ACD00DE6DD9 /* WordScramble */ = {
			isa = PBXNativeTarget;
			buildConfigurationList = CC5AF38E1CC09ACD00DE6DD9 /* Build configuration list for PBXNativeTarget "WordScramble" */;
			buildPhases = (
				CC5AF3761CC09ACD00DE6DD9 /* Sources */,
				CC5AF3771CC09ACD00DE6DD9 /* Frameworks */,
				CC5AF3781CC09ACD00DE6DD9 /* Resources */,
			);
			buildRules = (
			);
			dependencies = (
			);
			name = WordScramble;
			productName = WordScramble;
			productReference = CC5AF37A1CC09ACD00DE6DD9 /* WordScramble.app */;
			productType = "com.apple.product-type.application";
		};
/* End PBXNativeTarget section */

/* Begin PBXProject section */
		CC5AF3721CC09ACD00DE6DD9 /* Project object */ = {
			isa = PBXProject;
			attributes = {
				LastSwiftUpdateCheck = 0730;
				LastUpgradeCheck = 0730;
				ORGANIZATIONNAME = Ruter;
				TargetAttributes = {
					CC5AF3791CC09ACD00DE6DD9 = {
						CreatedOnToolsVersion = 7.3;
					};
				};
			};
			buildConfigurationList = CC5AF3751CC09ACD00DE6DD9 /* Build configuration list for PBXProject "WordScramble" */;
			compatibilityVersion = "Xcode 3.2";
			developmentRegion = English;
			hasScannedForEncodings = 0;
			knownRegions = (
				en,
				Base,
			);
			mainGroup = CC5AF3711CC09ACD00DE6DD9;
			productRefGroup = CC5AF37B1CC09ACD00DE6DD9 /* Products */;
			projectDirPath = "";
			projectRoot = "";
			targets = (
				CC5AF3791CC09ACD00DE6DD9 /* WordScramble */,
			);
		};
/* End PBXProject section */

/* Begin PBXResourcesBuildPhase section */
		CC5AF3781CC09ACD00DE6DD9 /* Resources */ = {
			isa = PBXResourcesBuildPhase;
			buildActionMask = 2147483647;
			files = (
				CC5AF38A1CC09ACD00DE6DD9 /* LaunchScreen.storyboard in Resources */,
				CC5AF3871CC09ACD00DE6DD9 /* Assets.xcassets in Resources */,
				CC5AF3851CC09ACD00DE6DD9 /* Main.storyboard in Resources */,
			);
			runOnlyForDeploymentPostprocessing = 0;
		};
/* End PBXResourcesBuildPhase section */

/* Begin PBXSourcesBuildPhase section */
		CC5AF3761CC09ACD00DE6DD9 /* Sources */ = {
			isa = PBXSourcesBuildPhase;
			buildActionMask = 2147483647;
			files = (
				CC5AF3801CC09ACD00DE6DD9 /* MasterViewController.swift in Sources */,
				CC5AF37E1CC09ACD00DE6DD9 /* AppDelegate.swift in Sources */,
			);
			runOnlyForDeploymentPostprocessing = 0;
		};
/* End PBXSourcesBuildPhase section */

/* Begin PBXVariantGroup section */
		CC5AF3831CC09ACD00DE6DD9 /* Main.storyboard */ = {
			isa = PBXVariantGroup;
			children = (
				CC5AF3841CC09ACD00DE6DD9 /* Base */,
			);
			name = Main.storyboard;
			sourceTree = "<group>";
		};
		CC5AF3881CC09ACD00DE6DD9 /* LaunchScreen.storyboard */ = {
			isa = PBXVariantGroup;
			children = (
				CC5AF3891CC09ACD00DE6DD9 /* Base */,
			);
			name = LaunchScreen.storyboard;
			sourceTree = "<group>";
		};
/* End PBXVariantGroup section */

/* Begin XCBuildConfiguration section */
		CC5AF38C1CC09ACD00DE6DD9 /* Debug */ = {
			isa = XCBuildConfiguration;
			buildSettings = {
				ALWAYS_SEARCH_USER_PATHS = NO;
				CLANG_ANALYZER_NONNULL = YES;
				CLANG_CXX_LANGUAGE_STANDARD = "gnu++0x";
				CLANG_CXX_LIBRARY = "libc++";
				CLANG_ENABLE_MODULES = YES;
				CLANG_ENABLE_OBJC_ARC = YES;
				CLANG_WARN_BOOL_CONVERSION = YES;
				CLANG_WARN_CONSTANT_CONVERSION = YES;
				CLANG_WARN_DIRECT_OBJC_ISA_USAGE = YES_ERROR;
				CLANG_WARN_EMPTY_BODY = YES;
				CLANG_WARN_ENUM_CONVERSION = YES;
				CLANG_WARN_INT_CONVERSION = YES;
				CLANG_WARN_OBJC_ROOT_CLASS = YES_ERROR;
				CLANG_WARN_UNREACHABLE_CODE = YES;
				CLANG_WARN__DUPLICATE_METHOD_MATCH = YES;
				"CODE_SIGN_IDENTITY[sdk=iphoneos*]" = "iPhone Developer";
				COPY_PHASE_STRIP = NO;
				DEBUG_INFORMATION_FORMAT = dwarf;
				ENABLE_STRICT_OBJC_MSGSEND = YES;
				ENABLE_TESTABILITY = YES;
				GCC_C_LANGUAGE_STANDARD = gnu99;
				GCC_DYNAMIC_NO_PIC = NO;
				GCC_NO_COMMON_BLOCKS = YES;
				GCC_OPTIMIZATION_LEVEL = 0;
				GCC_PREPROCESSOR_DEFINITIONS = (
					"DEBUG=1",
					"$(inherited)",
				);
				GCC_WARN_64_TO_32_BIT_CONVERSION = YES;
				GCC_WARN_ABOUT_RETURN_TYPE = YES_ERROR;
				GCC_WARN_UNDECLARED_SELECTOR = YES;
				GCC_WARN_UNINITIALIZED_AUTOS = YES_AGGRESSIVE;
				GCC_WARN_UNUSED_FUNCTION = YES;
				GCC_WARN_UNUSED_VARIABLE = YES;
				IPHONEOS_DEPLOYMENT_TARGET = 9.3;
				MTL_ENABLE_DEBUG_INFO = YES;
				ONLY_ACTIVE_ARCH = YES;
				SDKROOT = iphoneos;
				SWIFT_OPTIMIZATION_LEVEL = "-Onone";
			};
			name = Debug;
		};
		CC5AF38D1CC09ACD00DE6DD9 /* Release */ = {
			isa = XCBuildConfiguration;
			buildSettings = {
				ALWAYS_SEARCH_USER_PATHS = NO;
				CLANG_ANALYZER_NONNULL = YES;
				CLANG_CXX_LANGUAGE_STANDARD = "gnu++0x";
				CLANG_CXX_LIBRARY = "libc++";
				CLANG_ENABLE_MODULES = YES;
				CLANG_ENABLE_OBJC_ARC = YES;
				CLANG_WARN_BOOL_CONVERSION = YES;
				CLANG_WARN_CONSTANT_CONVERSION = YES;
				CLANG_WARN_DIRECT_OBJC_ISA_USAGE = YES_ERROR;
				CLANG_WARN_EMPTY_BODY = YES;
				CLANG_WARN_ENUM_CONVERSION = YES;
				CLANG_WARN_INT_CONVERSION = YES;
				CLANG_WARN_OBJC_ROOT_CLASS = YES_ERROR;
				CLANG_WARN_UNREACHABLE_CODE = YES;
				CLANG_WARN__DUPLICATE_METHOD_MATCH = YES;
				"CODE_SIGN_IDENTITY[sdk=iphoneos*]" = "iPhone Developer";
				COPY_PHASE_STRIP = NO;
				DEBUG_INFORMATION_FORMAT = "dwarf-with-dsym";
				ENABLE_NS_ASSERTIONS = NO;
				ENABLE_STRICT_OBJC_MSGSEND = YES;
				GCC_C_LANGUAGE_STANDARD = gnu99;
				GCC_NO_COMMON_BLOCKS = YES;
				GCC_WARN_64_TO_32_BIT_CONVERSION = YES;
				GCC_WARN_ABOUT_RETURN_TYPE = YES_ERROR;
				GCC_WARN_UNDECLARED_SELECTOR = YES;
				GCC_WARN_UNINITIALIZED_AUTOS = YES_AGGRESSIVE;
				GCC_WARN_UNUSED_FUNCTION = YES;
				GCC_WARN_UNUSED_VARIABLE = YES;
				IPHONEOS_DEPLOYMENT_TARGET = 9.3;
				MTL_ENABLE_DEBUG_INFO = NO;
				SDKROOT = iphoneos;
				VALIDATE_PRODUCT = YES;
			};
			name = Release;
		};
		CC5AF38F1CC09ACD00DE6DD9 /* Debug */ = {
			isa = XCBuildConfiguration;
			buildSettings = {
				ASSETCATALOG_COMPILER_APPICON_NAME = AppIcon;
				INFOPLIST_FILE = WordScramble/Info.plist;
				LD_RUNPATH_SEARCH_PATHS = "$(inherited) @executable_path/Frameworks";
				PRODUCT_BUNDLE_IDENTIFIER = io.github.ruter.WordScramble;
				PRODUCT_NAME = "$(TARGET_NAME)";
			};
			name = Debug;
		};
		CC5AF3901CC09ACD00DE6DD9 /* Release */ = {
			isa = XCBuildConfiguration;
			buildSettings = {
				ASSETCATALOG_COMPILER_APPICON_NAME = AppIcon;
				INFOPLIST_FILE = WordScramble/Info.plist;
				LD_RUNPATH_SEARCH_PATHS = "$(inherited) @executable_path/Frameworks";
				PRODUCT_BUNDLE_IDENTIFIER = io.github.ruter.WordScramble;
				PRODUCT_NAME = "$(TARGET_NAME)";
			};
			name = Release;
		};
/* End XCBuildConfiguration section */

/* Begin XCConfigurationList section */
		CC5AF3751CC09ACD00DE6DD9 /* Build configuration list for PBXProject "WordScramble" */ = {
			isa = XCConfigurationList;
			buildConfigurations = (
				CC5AF38C1CC09ACD00DE6DD9 /* Debug */,
				CC5AF38D1CC09ACD00DE6DD9 /* Release */,
			);
			defaultConfigurationIsVisible = 0;
			defaultConfigurationName = Release;
		};
		CC5AF38E1CC09ACD00DE6DD9 /* Build configuration list for PBXNativeTarget "WordScramble" */ = {
			isa = XCConfigurationList;
			buildConfigurations = (
				CC5AF38F1CC09ACD00DE6DD9 /* Debug */,
				CC5AF3901CC09ACD00DE6DD9 /* Release */,
			);
			defaultConfigurationIsVisible = 0;
		};
/* End XCConfigurationList section */
	};
	rootObject = CC5AF3721CC09ACD00DE6DD9 /* Project object */;
}
